
Microsoft Visual Studio Solution File, Format Version 12.00
# Visual Studio Version 16
VisualStudioVersion = 16.0.30907.101
MinimumVisualStudioVersion = 10.0.40219.1
Project("{FAE04EC0-301F-11D3-BF4B-00C04F79EFBC}") = "Projekt_Semestralny", "Projekt_Semestralny\Projekt_Semestralny.csproj", "{2B2BCE4D-0C7D-4D42-85A2-762298E60087}"
EndProject
Project("{54435603-DBB4-11D2-8724-00A0C9A8B90C}") = "Setup", "Setup\Setup.vdproj", "{8483F524-79F8-4748-ABAF-93116EF85789}"
EndProject
Project("{2150E333-8FDC-42A3-9474-1A3956D46DE8}") = "Solution Items", "Solution Items", "{956F408F-CD92-4F50-8043-7CF50FFB29A2}"
	ProjectSection(SolutionItems) = preProject
		README.md = README.md
	EndProjectSection
EndProject
Global
	GlobalSection(SolutionConfigurationPlatforms) = preSolution
		Debug|Any CPU = Debug|Any CPU
		Install|Any CPU = Install|Any CPU
		Release|Any CPU = Release|Any CPU
	EndGlobalSection
	GlobalSection(ProjectConfigurationPlatforms) = postSolution
		{2B2BCE4D-0C7D-4D42-85A2-762298E60087}.Debug|Any CPU.ActiveCfg = Debug|Any CPU
		{2B2BCE4D-0C7D-4D42-85A2-762298E60087}.Debug|Any CPU.Build.0 = Debug|Any CPU
		{2B2BCE4D-0C7D-4D42-85A2-762298E60087}.Install|Any CPU.ActiveCfg = Release|Any CPU
		{2B2BCE4D-0C7D-4D42-85A2-762298E60087}.Install|Any CPU.Build.0 = Release|Any CPU
		{2B2BCE4D-0C7D-4D42-85A2-762298E60087}.Release|Any CPU.ActiveCfg = Release|Any CPU
		{2B2BCE4D-0C7D-4D42-85A2-762298E60087}.Release|Any CPU.Build.0 = Release|Any CPU
		{8483F524-79F8-4748-ABAF-93116EF85789}.Debug|Any CPU.ActiveCfg = Debug
		{8483F524-79F8-4748-ABAF-93116EF85789}.Debug|Any CPU.Build.0 = Debug
		{8483F524-79F8-4748-ABAF-93116EF85789}.Install|Any CPU.ActiveCfg = Install
		{8483F524-79F8-4748-ABAF-93116EF85789}.Install|Any CPU.Build.0 = Install
		{8483F524-79F8-4748-ABAF-93116EF85789}.Release|Any CPU.ActiveCfg = Release
	EndGlobalSection
	GlobalSection(SolutionProperties) = preSolution
		HideSolutionNode = FALSE
	EndGlobalSection
	GlobalSection(ExtensibilityGlobals) = postSolution
		SolutionGuid = {D6BDE17C-6F8C-4CDE-96B1-6DA673431203}
	EndGlobalSection
EndGlobal
